// !$*UTF8*$!
{
	archiveVersion = 1;
	classes = {
	};
	objectVersion = 77;
	objects = {

/* Begin PBXBuildFile section */
		12AF073D73CA92C2A2FBF449 /* Cocoa.framework in Frameworks */ = {isa = PBXBuildFile; fileRef = 33D1932E6B3C54A956AF5F6C /* Cocoa.framework */; };
		23F2064CB38FDB73EE4AB471 /* AlertEngineTests.swift in Sources */ = {isa = PBXBuildFile; fileRef = 8D6F3C76B69FEDB140682676 /* AlertEngineTests.swift */; };
		7381A6E82B87236C00C0DE01 /* CustomFanPresetTests.swift in Sources */ = {isa = PBXBuildFile; fileRef = 7381A6E72B87236C00C0DE01 /* CustomFanPresetTests.swift */; };
/* End PBXBuildFile section */

/* Begin PBXContainerItemProxy section */
		35A1B0012F70000100C0DE01 /* PBXContainerItemProxy */ = {
			isa = PBXContainerItemProxy;
			containerPortal = 353B02C92F640A0700A65F2C /* Project object */;
			proxyType = 1;
			remoteGlobalIDString = 35F039AA2F64444D004CB9F8;
			remoteInfo = "smc-helper";
		};
		3B80748F200EDC2DB7D1B736 /* PBXContainerItemProxy */ = {
			isa = PBXContainerItemProxy;
			containerPortal = 353B02C92F640A0700A65F2C /* Project object */;
			proxyType = 1;
			remoteGlobalIDString = 353B02D02F640A0700A65F2C;
			remoteInfo = "Core-Monitor";
		};
/* End PBXContainerItemProxy section */

/* Begin PBXCopyFilesBuildPhase section */
		35F039A92F64444D004CB9F8 /* CopyFiles */ = {
			isa = PBXCopyFilesBuildPhase;
			buildActionMask = 2147483647;
			dstPath = /usr/share/man/man1/;
			dstSubfolderSpec = 0;
			files = (
			);
			runOnlyForDeploymentPostprocessing = 1;
		};
/* End PBXCopyFilesBuildPhase section */

/* Begin PBXFileReference section */
		33D1932E6B3C54A956AF5F6C /* Cocoa.framework */ = {isa = PBXFileReference; lastKnownFileType = wrapper.framework; name = Cocoa.framework; path = Platforms/MacOSX.platform/Developer/SDKs/MacOSX15.0.sdk/System/Library/Frameworks/Cocoa.framework; sourceTree = DEVELOPER_DIR; };
		353B02D12F640A0700A65F2C /* Core-Monitor.app */ = {isa = PBXFileReference; explicitFileType = wrapper.application; includeInIndex = 0; path = "Core-Monitor.app"; sourceTree = BUILT_PRODUCTS_DIR; };
		35F039AB2F64444D004CB9F8 /* smc-helper */ = {isa = PBXFileReference; explicitFileType = "compiled.mach-o.executable"; includeInIndex = 0; path = "smc-helper"; sourceTree = BUILT_PRODUCTS_DIR; };
		7381A6E72B87236C00C0DE01 /* CustomFanPresetTests.swift */ = {isa = PBXFileReference; lastKnownFileType = sourcecode.swift; path = CustomFanPresetTests.swift; sourceTree = "<group>"; };
		8D6F3C76B69FEDB140682676 /* AlertEngineTests.swift */ = {isa = PBXFileReference; includeInIndex = 1; lastKnownFileType = sourcecode.swift; path = AlertEngineTests.swift; sourceTree = "<group>"; };
		E5B12BED2CCB8BBEC03C227F /* Core-MonitorTests.xctest */ = {isa = PBXFileReference; explicitFileType = wrapper.cfbundle; includeInIndex = 0; path = "Core-MonitorTests.xctest"; sourceTree = BUILT_PRODUCTS_DIR; };
/* End PBXFileReference section */

/* Begin PBXFileSystemSynchronizedRootGroup section */
		353B02D32F640A0700A65F2C /* Core-Monitor */ = {
			isa = PBXFileSystemSynchronizedRootGroup;
			path = "Core-Monitor";
			sourceTree = "<group>";
		};
		35F039AC2F64444D004CB9F8 /* smc-helper */ = {
			isa = PBXFileSystemSynchronizedRootGroup;
			path = "smc-helper";
			sourceTree = "<group>";
		};
/* End PBXFileSystemSynchronizedRootGroup section */

/* Begin PBXFrameworksBuildPhase section */
		353B02CE2F640A0700A65F2C /* Frameworks */ = {
			isa = PBXFrameworksBuildPhase;
			buildActionMask = 2147483647;
			files = (
			);
			runOnlyForDeploymentPostprocessing = 0;
		};
		35F039A82F64444D004CB9F8 /* Frameworks */ = {
			isa = PBXFrameworksBuildPhase;
			buildActionMask = 2147483647;
			files = (
			);
			runOnlyForDeploymentPostprocessing = 0;
		};
		EA2FFE574F3A283D03250D8F /* Frameworks */ = {
			isa = PBXFrameworksBuildPhase;
			buildActionMask = 2147483647;
			files = (
				12AF073D73CA92C2A2FBF449 /* Cocoa.framework in Frameworks */,
			);
			runOnlyForDeploymentPostprocessing = 0;
		};
/* End PBXFrameworksBuildPhase section */

/* Begin PBXGroup section */
		1A2F97F19E4BA4C0B1070411 /* Core-MonitorTests */ = {
			isa = PBXGroup;
			children = (
				8D6F3C76B69FEDB140682676 /* AlertEngineTests.swift */,
				7381A6E72B87236C00C0DE01 /* CustomFanPresetTests.swift */,
			);
			path = "Core-MonitorTests";
			sourceTree = "<group>";
		};
		353B02C82F640A0700A65F2C = {
			isa = PBXGroup;
			children = (
				353B02D32F640A0700A65F2C /* Core-Monitor */,
				35F039AC2F64444D004CB9F8 /* smc-helper */,
				353B02D22F640A0700A65F2C /* Products */,
				D9B0FBD1AA965BEDCFED2EAC /* Frameworks */,
				1A2F97F19E4BA4C0B1070411 /* Core-MonitorTests */,
			);
			sourceTree = "<group>";
		};
		353B02D22F640A0700A65F2C /* Products */ = {
			isa = PBXGroup;
			children = (
				353B02D12F640A0700A65F2C /* Core-Monitor.app */,
				35F039AB2F64444D004CB9F8 /* smc-helper */,
				E5B12BED2CCB8BBEC03C227F /* Core-MonitorTests.xctest */,
			);
			name = Products;
			sourceTree = "<group>";
		};
		4D8D61FAD426FE2AAEF7C802 /* OS X */ = {
			isa = PBXGroup;
			children = (
				33D1932E6B3C54A956AF5F6C /* Cocoa.framework */,
			);
			name = "OS X";
			sourceTree = "<group>";
		};
		D9B0FBD1AA965BEDCFED2EAC /* Frameworks */ = {
			isa = PBXGroup;
			children = (
				4D8D61FAD426FE2AAEF7C802 /* OS X */,
			);
			name = Frameworks;
			sourceTree = "<group>";
		};
/* End PBXGroup section */

/* Begin PBXNativeTarget section */
		353B02D02F640A0700A65F2C /* Core-Monitor */ = {
			isa = PBXNativeTarget;
			buildConfigurationList = 353B02F42F640A0800A65F2C /* Build configuration list for PBXNativeTarget "Core-Monitor" */;
			buildPhases = (
				353B02CD2F640A0700A65F2C /* Sources */,
				353B02CE2F640A0700A65F2C /* Frameworks */,
				353B02CF2F640A0700A65F2C /* Resources */,
				35A1B0022F70000100C0DE01 /* Embed Privileged Helper */,
			);
			buildRules = (
			);
			dependencies = (
				35A1B0032F70000100C0DE01 /* PBXTargetDependency */,
			);
			fileSystemSynchronizedGroups = (
				353B02D32F640A0700A65F2C /* Core-Monitor */,
			);
			name = "Core-Monitor";
			productName = "Core-Monitor";
			productReference = 353B02D12F640A0700A65F2C /* Core-Monitor.app */;
			productType = "com.apple.product-type.application";
		};
		35F039AA2F64444D004CB9F8 /* smc-helper */ = {
			isa = PBXNativeTarget;
			buildConfigurationList = 35F039AF2F64444D004CB9F8 /* Build configuration list for PBXNativeTarget "smc-helper" */;
			buildPhases = (
				35F039A72F64444D004CB9F8 /* Sources */,
				35F039A82F64444D004CB9F8 /* Frameworks */,
				35F039A92F64444D004CB9F8 /* CopyFiles */,
			);
			buildRules = (
			);
			dependencies = (
			);
			fileSystemSynchronizedGroups = (
				35F039AC2F64444D004CB9F8 /* smc-helper */,
			);
			name = "smc-helper";
			productName = "smc-helper";
			productReference = 35F039AB2F64444D004CB9F8 /* smc-helper */;
			productType = "com.apple.product-type.tool";
		};
		B82D82F1C634D4B087CDAD58 /* Core-MonitorTests */ = {
			isa = PBXNativeTarget;
			buildConfigurationList = 6FF024380DF0267DDB6638D8 /* Build configuration list for PBXNativeTarget "Core-MonitorTests" */;
			buildPhases = (
				D4A544BA496396F14FE0E5AB /* Sources */,
				EA2FFE574F3A283D03250D8F /* Frameworks */,
				7D5ECC059F1800D9808939CC /* Resources */,
			);
			buildRules = (
			);
			dependencies = (
				94B00F5AB80819527FCA09E5 /* PBXTargetDependency */,
			);
			name = "Core-MonitorTests";
			productName = "Core-MonitorTests";
			productReference = E5B12BED2CCB8BBEC03C227F /* Core-MonitorTests.xctest */;
			productType = "com.apple.product-type.bundle.unit-test";
		};
/* End PBXNativeTarget section */

/* Begin PBXProject section */
		353B02C92F640A0700A65F2C /* Project object */ = {
			isa = PBXProject;
			attributes = {
				BuildIndependentTargetsInParallel = 1;
				LastSwiftUpdateCheck = 2630;
				LastUpgradeCheck = 2640;
				TargetAttributes = {
					353B02D02F640A0700A65F2C = {
						CreatedOnToolsVersion = 26.3;
					};
					35F039AA2F64444D004CB9F8 = {
						CreatedOnToolsVersion = 26.3;
					};
				};
			};
			buildConfigurationList = 353B02CC2F640A0700A65F2C /* Build configuration list for PBXProject "Core-Monitor" */;
			developmentRegion = en;
			hasScannedForEncodings = 0;
			knownRegions = (
				en,
				Base,
			);
			mainGroup = 353B02C82F640A0700A65F2C;
			minimizedProjectReferenceProxies = 1;
			preferredProjectObjectVersion = 77;
			productRefGroup = 353B02D22F640A0700A65F2C /* Products */;
			projectDirPath = "";
			projectRoot = "";
			targets = (
				353B02D02F640A0700A65F2C /* Core-Monitor */,
				35F039AA2F64444D004CB9F8 /* smc-helper */,
				B82D82F1C634D4B087CDAD58 /* Core-MonitorTests */,
			);
		};
/* End PBXProject section */

/* Begin PBXResourcesBuildPhase section */
		353B02CF2F640A0700A65F2C /* Resources */ = {
			isa = PBXResourcesBuildPhase;
			buildActionMask = 2147483647;
			files = (
			);
			runOnlyForDeploymentPostprocessing = 0;
		};
		7D5ECC059F1800D9808939CC /* Resources */ = {
			isa = PBXResourcesBuildPhase;
			buildActionMask = 2147483647;
			files = (
			);
			runOnlyForDeploymentPostprocessing = 0;
		};
/* End PBXResourcesBuildPhase section */

/* Begin PBXShellScriptBuildPhase section */
		35A1B0022F70000100C0DE01 /* Embed Privileged Helper */ = {
			isa = PBXShellScriptBuildPhase;
			buildActionMask = 2147483647;
			files = (
			);
			inputFileListPaths = (
			);
			inputPaths = (
				"$(BUILT_PRODUCTS_DIR)/$(PRIVILEGED_HELPER_LABEL)",
			);
			name = "Embed Privileged Helper";
			outputFileListPaths = (
			);
			outputPaths = (
				"$(TARGET_BUILD_DIR)/$(CONTENTS_FOLDER_PATH)/Library/LaunchServices/$(PRIVILEGED_HELPER_LABEL)",
			);
			runOnlyForDeploymentPostprocessing = 0;
			shellPath = /bin/sh;
			shellScript = "set -e\nHELPER_SRC=${BUILT_PRODUCTS_DIR}/${PRIVILEGED_HELPER_LABEL}\nHELPER_DST=${TARGET_BUILD_DIR}/${CONTENTS_FOLDER_PATH}/Library/LaunchServices/${PRIVILEGED_HELPER_LABEL}\nmkdir -p $(dirname $HELPER_DST)\ncp -f $HELPER_SRC $HELPER_DST\n";
		};
/* End PBXShellScriptBuildPhase section */

/* Begin PBXSourcesBuildPhase section */
		353B02CD2F640A0700A65F2C /* Sources */ = {
			isa = PBXSourcesBuildPhase;
			buildActionMask = 2147483647;
			files = (
			);
			runOnlyForDeploymentPostprocessing = 0;
		};
		35F039A72F64444D004CB9F8 /* Sources */ = {
			isa = PBXSourcesBuildPhase;
			buildActionMask = 2147483647;
			files = (
			);
			runOnlyForDeploymentPostprocessing = 0;
		};
		D4A544BA496396F14FE0E5AB /* Sources */ = {
			isa = PBXSourcesBuildPhase;
			buildActionMask = 2147483647;
			files = (
				23F2064CB38FDB73EE4AB471 /* AlertEngineTests.swift in Sources */,
				7381A6E82B87236C00C0DE01 /* CustomFanPresetTests.swift in Sources */,
			);
			runOnlyForDeploymentPostprocessing = 0;
		};
/* End PBXSourcesBuildPhase section */

/* Begin PBXTargetDependency section */
		35A1B0032F70000100C0DE01 /* PBXTargetDependency */ = {
			isa = PBXTargetDependency;
			target = 35F039AA2F64444D004CB9F8 /* smc-helper */;
			targetProxy = 35A1B0012F70000100C0DE01 /* PBXContainerItemProxy */;
		};
		94B00F5AB80819527FCA09E5 /* PBXTargetDependency */ = {
			isa = PBXTargetDependency;
			name = "Core-Monitor";
			target = 353B02D02F640A0700A65F2C /* Core-Monitor */;
			targetProxy = 3B80748F200EDC2DB7D1B736 /* PBXContainerItemProxy */;
		};
/* End PBXTargetDependency section */

/* Begin XCBuildConfiguration section */
		353B02F22F640A0800A65F2C /* Debug */ = {
			isa = XCBuildConfiguration;
			buildSettings = {
				ALWAYS_SEARCH_USER_PATHS = NO;
				ASSETCATALOG_COMPILER_GENERATE_SWIFT_ASSET_SYMBOL_EXTENSIONS = YES;
				CLANG_ANALYZER_NONNULL = YES;
				CLANG_ANALYZER_NUMBER_OBJECT_CONVERSION = YES_AGGRESSIVE;
				CLANG_CXX_LANGUAGE_STANDARD = "gnu++20";
				CLANG_ENABLE_MODULES = YES;
				CLANG_ENABLE_OBJC_ARC = YES;
				CLANG_ENABLE_OBJC_WEAK = YES;
				CLANG_WARN_BLOCK_CAPTURE_AUTORELEASING = YES;
				CLANG_WARN_BOOL_CONVERSION = YES;
				CLANG_WARN_COMMA = YES;
				CLANG_WARN_CONSTANT_CONVERSION = YES;
				CLANG_WARN_DEPRECATED_OBJC_IMPLEMENTATIONS = YES;
				CLANG_WARN_DIRECT_OBJC_ISA_USAGE = YES_ERROR;
				CLANG_WARN_DOCUMENTATION_COMMENTS = YES;
				CLANG_WARN_EMPTY_BODY = YES;
				CLANG_WARN_ENUM_CONVERSION = YES;
				CLANG_WARN_INFINITE_RECURSION = YES;
				CLANG_WARN_INT_CONVERSION = YES;
				CLANG_WARN_NON_LITERAL_NULL_CONVERSION = YES;
				CLANG_WARN_OBJC_IMPLICIT_RETAIN_SELF = YES;
				CLANG_WARN_OBJC_LITERAL_CONVERSION = YES;
				CLANG_WARN_OBJC_ROOT_CLASS = YES_ERROR;
				CLANG_WARN_QUOTED_INCLUDE_IN_FRAMEWORK_HEADER = YES;
				CLANG_WARN_RANGE_LOOP_ANALYSIS = YES;
				CLANG_WARN_STRICT_PROTOTYPES = YES;
				CLANG_WARN_SUSPICIOUS_MOVE = YES;
				CLANG_WARN_UNGUARDED_AVAILABILITY = YES_AGGRESSIVE;
				CLANG_WARN_UNREACHABLE_CODE = YES;
				CLANG_WARN__DUPLICATE_METHOD_MATCH = YES;
				COPY_PHASE_STRIP = NO;
				CORE_MONITOR_APP_BUNDLE_IDENTIFIER = "CoreTools.Core-Monitor";
				DEAD_CODE_STRIPPING = YES;
				DEBUG_INFORMATION_FORMAT = dwarf;
				DEVELOPMENT_TEAM = 6VDP675K4L;
				ENABLE_STRICT_OBJC_MSGSEND = YES;
				ENABLE_TESTABILITY = YES;
				ENABLE_USER_SCRIPT_SANDBOXING = YES;
				GCC_C_LANGUAGE_STANDARD = gnu17;
				GCC_DYNAMIC_NO_PIC = NO;
				GCC_NO_COMMON_BLOCKS = YES;
				GCC_OPTIMIZATION_LEVEL = 0;
				GCC_PREPROCESSOR_DEFINITIONS = (
					"DEBUG=1",
					"$(inherited)",
				);
				GCC_WARN_64_TO_32_BIT_CONVERSION = YES;
				GCC_WARN_ABOUT_RETURN_TYPE = YES_ERROR;
				GCC_WARN_UNDECLARED_SELECTOR = YES;
				GCC_WARN_UNINITIALIZED_AUTOS = YES_AGGRESSIVE;
				GCC_WARN_UNUSED_FUNCTION = YES;
				GCC_WARN_UNUSED_VARIABLE = YES;
				LOCALIZATION_PREFERS_STRING_CATALOGS = YES;
				MACOSX_DEPLOYMENT_TARGET = 13.0;
				MTL_ENABLE_DEBUG_INFO = INCLUDE_SOURCE;
				MTL_FAST_MATH = YES;
				ONLY_ACTIVE_ARCH = YES;
				PRIVILEGED_HELPER_LABEL = "ventaphobia.smc-helper";
				SDKROOT = macosx;
				STRING_CATALOG_GENERATE_SYMBOLS = YES;
				SWIFT_ACTIVE_COMPILATION_CONDITIONS = "DEBUG $(inherited)";
				SWIFT_OPTIMIZATION_LEVEL = "-Onone";
			};
			name = Debug;
		};
		353B02F32F640A0800A65F2C /* Release */ = {
			isa = XCBuildConfiguration;
			buildSettings = {
				ALWAYS_SEARCH_USER_PATHS = NO;
				ASSETCATALOG_COMPILER_GENERATE_SWIFT_ASSET_SYMBOL_EXTENSIONS = YES;
				CLANG_ANALYZER_NONNULL = YES;
				CLANG_ANALYZER_NUMBER_OBJECT_CONVERSION = YES_AGGRESSIVE;
				CLANG_CXX_LANGUAGE_STANDARD = "gnu++20";
				CLANG_ENABLE_MODULES = YES;
				CLANG_ENABLE_OBJC_ARC = YES;
				CLANG_ENABLE_OBJC_WEAK = YES;
				CLANG_WARN_BLOCK_CAPTURE_AUTORELEASING = YES;
				CLANG_WARN_BOOL_CONVERSION = YES;
				CLANG_WARN_COMMA = YES;
				CLANG_WARN_CONSTANT_CONVERSION = YES;
				CLANG_WARN_DEPRECATED_OBJC_IMPLEMENTATIONS = YES;
				CLANG_WARN_DIRECT_OBJC_ISA_USAGE = YES_ERROR;
				CLANG_WARN_DOCUMENTATION_COMMENTS = YES;
				CLANG_WARN_EMPTY_BODY = YES;
				CLANG_WARN_ENUM_CONVERSION = YES;
				CLANG_WARN_INFINITE_RECURSION = YES;
				CLANG_WARN_INT_CONVERSION = YES;
				CLANG_WARN_NON_LITERAL_NULL_CONVERSION = YES;
				CLANG_WARN_OBJC_IMPLICIT_RETAIN_SELF = YES;
				CLANG_WARN_OBJC_LITERAL_CONVERSION = YES;
				CLANG_WARN_OBJC_ROOT_CLASS = YES_ERROR;
				CLANG_WARN_QUOTED_INCLUDE_IN_FRAMEWORK_HEADER = YES;
				CLANG_WARN_RANGE_LOOP_ANALYSIS = YES;
				CLANG_WARN_STRICT_PROTOTYPES = YES;
				CLANG_WARN_SUSPICIOUS_MOVE = YES;
				CLANG_WARN_UNGUARDED_AVAILABILITY = YES_AGGRESSIVE;
				CLANG_WARN_UNREACHABLE_CODE = YES;
				CLANG_WARN__DUPLICATE_METHOD_MATCH = YES;
				COPY_PHASE_STRIP = NO;
				CORE_MONITOR_APP_BUNDLE_IDENTIFIER = "CoreTools.Core-Monitor";
				DEAD_CODE_STRIPPING = YES;
				DEBUG_INFORMATION_FORMAT = "dwarf-with-dsym";
				DEVELOPMENT_TEAM = 6VDP675K4L;
				ENABLE_NS_ASSERTIONS = NO;
				ENABLE_STRICT_OBJC_MSGSEND = YES;
				ENABLE_USER_SCRIPT_SANDBOXING = YES;
				GCC_C_LANGUAGE_STANDARD = gnu17;
				GCC_NO_COMMON_BLOCKS = YES;
				GCC_WARN_64_TO_32_BIT_CONVERSION = YES;
				GCC_WARN_ABOUT_RETURN_TYPE = YES_ERROR;
				GCC_WARN_UNDECLARED_SELECTOR = YES;
				GCC_WARN_UNINITIALIZED_AUTOS = YES_AGGRESSIVE;
				GCC_WARN_UNUSED_FUNCTION = YES;
				GCC_WARN_UNUSED_VARIABLE = YES;
				LOCALIZATION_PREFERS_STRING_CATALOGS = YES;
				MACOSX_DEPLOYMENT_TARGET = 13.0;
				MTL_ENABLE_DEBUG_INFO = NO;
				MTL_FAST_MATH = YES;
				PRIVILEGED_HELPER_LABEL = "ventaphobia.smc-helper";
				SDKROOT = macosx;
				STRING_CATALOG_GENERATE_SYMBOLS = YES;
				SWIFT_COMPILATION_MODE = wholemodule;
			};
			name = Release;
		};
		353B02F52F640A0800A65F2C /* Debug */ = {
			isa = XCBuildConfiguration;
			buildSettings = {
				ASSETCATALOG_COMPILER_APPICON_NAME = AppIcon;
				ASSETCATALOG_COMPILER_GLOBAL_ACCENT_COLOR_NAME = AccentColor;
				AUTOMATION_APPLE_EVENTS = NO;
				CODE_SIGN_ENTITLEMENTS = "Core-Monitor-WeatherKit.entitlements";
				"CODE_SIGN_IDENTITY[sdk=macosx*]" = "Apple Development";
				CODE_SIGN_STYLE = Automatic;
				COMBINE_HIDPI_IMAGES = YES;
				CURRENT_PROJECT_VERSION = 14050;
				DEAD_CODE_STRIPPING = YES;
				DEVELOPMENT_TEAM = 6VDP675K4L;
				ENABLE_APP_SANDBOX = NO;
				ENABLE_HARDENED_RUNTIME = YES;
				ENABLE_PREVIEWS = YES;
				ENABLE_RESOURCE_ACCESS_PHOTO_LIBRARY = NO;
				ENABLE_USER_SCRIPT_SANDBOXING = NO;
				GENERATE_INFOPLIST_FILE = NO;
				INFOPLIST_FILE = "App-Info.plist";
				INFOPLIST_KEY_CFBundleDisplayName = "Core-Monitor";
				INFOPLIST_KEY_LSApplicationCategoryType = "public.app-category.utilities";
				LD_RUNPATH_SEARCH_PATHS = (
					"$(inherited)",
					"@executable_path/../Frameworks",
				);
				LIBRARY_SEARCH_PATHS = "$(inherited)";
				MARKETING_VERSION = 14.0.5;
				OTHER_LDFLAGS = "";
				PRODUCT_BUNDLE_IDENTIFIER = "CoreTools.Core-Monitor";
				PRODUCT_NAME = "$(TARGET_NAME)";
				PROVISIONING_PROFILE_SPECIFIER = "";
				REGISTER_APP_GROUPS = YES;
				RUNTIME_EXCEPTION_ALLOW_DYLD_ENVIRONMENT_VARIABLES = NO;
				RUNTIME_EXCEPTION_ALLOW_JIT = NO;
				RUNTIME_EXCEPTION_ALLOW_UNSIGNED_EXECUTABLE_MEMORY = NO;
				RUNTIME_EXCEPTION_DEBUGGING_TOOL = NO;
				RUNTIME_EXCEPTION_DISABLE_EXECUTABLE_PAGE_PROTECTION = NO;
				RUNTIME_EXCEPTION_DISABLE_LIBRARY_VALIDATION = YES;
				STRING_CATALOG_GENERATE_SYMBOLS = YES;
				SWIFT_APPROACHABLE_CONCURRENCY = YES;
				SWIFT_DEFAULT_ACTOR_ISOLATION = MainActor;
				SWIFT_EMIT_LOC_STRINGS = YES;
				SWIFT_OBJC_BRIDGING_HEADER = "Core-Monitor/TouchBarPrivateBridge.h";
				SWIFT_UPCOMING_FEATURE_MEMBER_IMPORT_VISIBILITY = YES;
				SWIFT_VERSION = 5.0;
				VALIDATE_PRODUCT = YES;
			};
			name = Debug;
		};
		353B02F62F640A0800A65F2C /* Release */ = {
			isa = XCBuildConfiguration;
			buildSettings = {
				ASSETCATALOG_COMPILER_APPICON_NAME = AppIcon;
				ASSETCATALOG_COMPILER_GLOBAL_ACCENT_COLOR_NAME = AccentColor;
				AUTOMATION_APPLE_EVENTS = NO;
				CODE_SIGN_ENTITLEMENTS = "Core-Monitor-WeatherKit.entitlements";
				CODE_SIGN_STYLE = Automatic;
				COMBINE_HIDPI_IMAGES = YES;
				CURRENT_PROJECT_VERSION = 14050;
				DEAD_CODE_STRIPPING = YES;
				DEVELOPMENT_TEAM = 6VDP675K4L;
				ENABLE_APP_SANDBOX = NO;
				ENABLE_HARDENED_RUNTIME = YES;
				ENABLE_PREVIEWS = YES;
				ENABLE_RESOURCE_ACCESS_PHOTO_LIBRARY = NO;
				ENABLE_USER_SCRIPT_SANDBOXING = NO;
				GENERATE_INFOPLIST_FILE = NO;
				INFOPLIST_FILE = "App-Info.plist";
				INFOPLIST_KEY_CFBundleDisplayName = "Core-Monitor";
				INFOPLIST_KEY_LSApplicationCategoryType = "public.app-category.utilities";
				LD_RUNPATH_SEARCH_PATHS = (
					"$(inherited)",
					"@executable_path/../Frameworks",
				);
				LIBRARY_SEARCH_PATHS = "$(inherited)";
				MARKETING_VERSION = 14.0.5;
				OTHER_LDFLAGS = "";
				PRODUCT_BUNDLE_IDENTIFIER = "$(CORE_MONITOR_APP_BUNDLE_IDENTIFIER)";
				PRODUCT_NAME = "$(TARGET_NAME)";
				REGISTER_APP_GROUPS = YES;
				RUNTIME_EXCEPTION_ALLOW_DYLD_ENVIRONMENT_VARIABLES = NO;
				RUNTIME_EXCEPTION_ALLOW_JIT = NO;
				RUNTIME_EXCEPTION_ALLOW_UNSIGNED_EXECUTABLE_MEMORY = NO;
				RUNTIME_EXCEPTION_DEBUGGING_TOOL = NO;
				RUNTIME_EXCEPTION_DISABLE_EXECUTABLE_PAGE_PROTECTION = NO;
				RUNTIME_EXCEPTION_DISABLE_LIBRARY_VALIDATION = YES;
				STRING_CATALOG_GENERATE_SYMBOLS = YES;
				SWIFT_APPROACHABLE_CONCURRENCY = YES;
				SWIFT_DEFAULT_ACTOR_ISOLATION = MainActor;
				SWIFT_EMIT_LOC_STRINGS = YES;
				SWIFT_OBJC_BRIDGING_HEADER = "Core-Monitor/TouchBarPrivateBridge.h";
				SWIFT_UPCOMING_FEATURE_MEMBER_IMPORT_VISIBILITY = YES;
				SWIFT_VERSION = 5.0;
				VALIDATE_PRODUCT = YES;
			};
			name = Release;
		};
		35F039B02F64444D004CB9F8 /* Debug */ = {
			isa = XCBuildConfiguration;
			buildSettings = {
				"CODE_SIGN_IDENTITY[sdk=macosx*]" = "Apple Development";
				CODE_SIGN_INJECT_BASE_ENTITLEMENTS = NO;
				CODE_SIGN_STYLE = Automatic;
				CREATE_INFOPLIST_SECTION_IN_BINARY = NO;
				CURRENT_PROJECT_VERSION = 1;
				DEAD_CODE_STRIPPING = YES;
				DEVELOPMENT_TEAM = 6VDP675K4L;
				ENABLE_HARDENED_RUNTIME = YES;
				GENERATE_INFOPLIST_FILE = NO;
				INFOPLIST_FILE = "smc-helper/Info.plist";
				LD_QUOTE_LINKER_ARGUMENTS_FOR_COMPILER_DRIVER = NO;
				OTHER_CODE_SIGN_FLAGS = "$(inherited) -i $(PRODUCT_BUNDLE_IDENTIFIER)";
				OTHER_LDFLAGS = (
					"$(inherited)\n-sectcreate\n__TEXT\n__info_plist\n$(SRCROOT)/$(INFOPLIST_FILE)\n-sectcreate\n__TEXT\n__launchd_plist\n$(SRCROOT)/smc-helper/Launchd.plist",
				);
				PRODUCT_BUNDLE_IDENTIFIER = "$(PRIVILEGED_HELPER_LABEL)";
				PRODUCT_NAME = "$(PRIVILEGED_HELPER_LABEL)";
				SKIP_INSTALL = YES;
				SWIFT_APPROACHABLE_CONCURRENCY = YES;
				SWIFT_UPCOMING_FEATURE_MEMBER_IMPORT_VISIBILITY = YES;
				SWIFT_VERSION = 5.0;
			};
			name = Debug;
		};
		35F039B12F64444D004CB9F8 /* Release */ = {
			isa = XCBuildConfiguration;
			buildSettings = {
				CODE_SIGN_INJECT_BASE_ENTITLEMENTS = NO;
				CODE_SIGN_STYLE = Automatic;
				CREATE_INFOPLIST_SECTION_IN_BINARY = NO;
				CURRENT_PROJECT_VERSION = 1;
				DEAD_CODE_STRIPPING = YES;
				DEVELOPMENT_TEAM = 6VDP675K4L;
				ENABLE_HARDENED_RUNTIME = YES;
				GENERATE_INFOPLIST_FILE = NO;
				INFOPLIST_FILE = "smc-helper/Info.plist";
				LD_QUOTE_LINKER_ARGUMENTS_FOR_COMPILER_DRIVER = NO;
				OTHER_CODE_SIGN_FLAGS = "$(inherited) -i $(PRODUCT_BUNDLE_IDENTIFIER)";
				OTHER_LDFLAGS = (
					"$(inherited)\n-sectcreate\n__TEXT\n__info_plist\n$(SRCROOT)/$(INFOPLIST_FILE)\n-sectcreate\n__TEXT\n__launchd_plist\n$(SRCROOT)/smc-helper/Launchd.plist",
				);
				PRODUCT_BUNDLE_IDENTIFIER = "$(PRIVILEGED_HELPER_LABEL)";
				PRODUCT_NAME = "$(PRIVILEGED_HELPER_LABEL)";
				SKIP_INSTALL = YES;
				SWIFT_APPROACHABLE_CONCURRENCY = YES;
				SWIFT_UPCOMING_FEATURE_MEMBER_IMPORT_VISIBILITY = YES;
				SWIFT_VERSION = 5.0;
			};
			name = Release;
		};
		BA0972AC85A456099D8FEF10 /* Debug */ = {
			isa = XCBuildConfiguration;
			buildSettings = {
				BUNDLE_LOADER = "$(TEST_HOST)";
				CLANG_ENABLE_MODULES = YES;
				CODE_SIGNING_ALLOWED = NO;
				CODE_SIGNING_REQUIRED = NO;
				"CODE_SIGN_IDENTITY[sdk=macosx*]" = "-";
				GENERATE_INFOPLIST_FILE = YES;
				LD_RUNPATH_SEARCH_PATHS = (
					"$(inherited)",
					"@executable_path/../Frameworks",
					"@loader_path/../Frameworks",
				);
				MACOSX_DEPLOYMENT_TARGET = 14.0;
				PRODUCT_BUNDLE_IDENTIFIER = CoreTools.TESTS;
				PRODUCT_MODULE_NAME = Core_MonitorTests;
				PRODUCT_NAME = "$(TARGET_NAME)";
				SDKROOT = macosx;
				SWIFT_VERSION = 5.0;
				TEST_HOST = "$(BUILT_PRODUCTS_DIR)/Core-Monitor.app/Contents/MacOS/Core-Monitor";
				TEST_TARGET_NAME = "Core-Monitor";
			};
			name = Debug;
		};
		BA9574863FBAAA160546061B /* Release */ = {
			isa = XCBuildConfiguration;
			buildSettings = {
				BUNDLE_LOADER = "$(TEST_HOST)";
				CLANG_ENABLE_MODULES = YES;
				CODE_SIGNING_ALLOWED = NO;
				CODE_SIGNING_REQUIRED = NO;
				GENERATE_INFOPLIST_FILE = YES;
				LD_RUNPATH_SEARCH_PATHS = (
					"$(inherited)",
					"@executable_path/../Frameworks",
					"@loader_path/../Frameworks",
				);
				MACOSX_DEPLOYMENT_TARGET = 14.0;
				PRODUCT_BUNDLE_IDENTIFIER = "$(CORE_MONITOR_APP_BUNDLE_IDENTIFIER)Tests";
				PRODUCT_MODULE_NAME = Core_MonitorTests;
				PRODUCT_NAME = "$(TARGET_NAME)";
				SDKROOT = macosx;
				SWIFT_VERSION = 5.0;
				TEST_HOST = "$(BUILT_PRODUCTS_DIR)/Core-Monitor.app/Contents/MacOS/Core-Monitor";
				TEST_TARGET_NAME = "Core-Monitor";
			};
			name = Release;
		};
/* End XCBuildConfiguration section */

/* Begin XCConfigurationList section */
		353B02CC2F640A0700A65F2C /* Build configuration list for PBXProject "Core-Monitor" */ = {
			isa = XCConfigurationList;
			buildConfigurations = (
				353B02F22F640A0800A65F2C /* Debug */,
				353B02F32F640A0800A65F2C /* Release */,
			);
			defaultConfigurationIsVisible = 0;
			defaultConfigurationName = Release;
		};
		353B02F42F640A0800A65F2C /* Build configuration list for PBXNativeTarget "Core-Monitor" */ = {
			isa = XCConfigurationList;
			buildConfigurations = (
				353B02F52F640A0800A65F2C /* Debug */,
				353B02F62F640A0800A65F2C /* Release */,
			);
			defaultConfigurationIsVisible = 0;
			defaultConfigurationName = Release;
		};
		35F039AF2F64444D004CB9F8 /* Build configuration list for PBXNativeTarget "smc-helper" */ = {
			isa = XCConfigurationList;
			buildConfigurations = (
				35F039B02F64444D004CB9F8 /* Debug */,
				35F039B12F64444D004CB9F8 /* Release */,
			);
			defaultConfigurationIsVisible = 0;
			defaultConfigurationName = Release;
		};
		6FF024380DF0267DDB6638D8 /* Build configuration list for PBXNativeTarget "Core-MonitorTests" */ = {
			isa = XCConfigurationList;
			buildConfigurations = (
				BA9574863FBAAA160546061B /* Release */,
				BA0972AC85A456099D8FEF10 /* Debug */,
			);
			defaultConfigurationIsVisible = 0;
			defaultConfigurationName = Release;
		};
/* End XCConfigurationList section */
	};
	rootObject = 353B02C92F640A0700A65F2C /* Project object */;
}
